{
  "version": 4,
  "terraform_version": "0.13.0",
  "serial": 11,
  "lineage": "649e221c-bd8e-2fb6-8839-2dddcc61f00e",
  "outputs": {
    "ip": {
      "value": "10.0.0.82",
      "type": "string"
    }
  },
  "resources": [
    {
      "mode": "managed",
      "type": "openstack_compute_instance_v2",
      "name": "vm1",
      "provider": "provider[\"registry.terraform.io/terraform-providers/openstack\"]",
      "instances": [
        {
          "schema_version": 0,
          "attributes": {
            "access_ip_v4": "10.0.0.82",
            "access_ip_v6": "",
            "admin_pass": null,
            "all_metadata": {},
            "all_tags": [],
            "availability_zone": "nova",
            "availability_zone_hints": null,
            "block_device": [],
            "config_drive": null,
            "flavor_id": "bfb36b66-ae4c-433b-a6fe-e7b977fef7cb",
            "flavor_name": "default2",
            "floating_ip": null,
            "force_delete": false,
            "id": "89bc944b-5aa2-4a69-a16f-1d365b590557",
            "image_id": "bd8ce6cb-adfb-4a3d-b99c-c5ce7695dfdd",
            "image_name": "centos",
            "key_pair": "key1",
            "metadata": null,
            "name": "vm1",
            "network": [
              {
                "access_network": false,
                "fixed_ip_v4": "10.0.0.82",
                "fixed_ip_v6": "",
                "floating_ip": "",
                "mac": "fa:16:3e:cd:91:7a",
                "name": "private",
                "port": "",
                "uuid": "6980b72a-0bcf-4f8c-8407-8ea7affc6e52"
              }
            ],
            "personality": [],
            "power_state": "active",
            "region": "RegionOne",
            "scheduler_hints": [],
            "security_groups": [
              "prod"
            ],
            "stop_before_destroy": false,
            "tags": null,
            "timeouts": null,
            "user_data": null,
            "vendor_options": [],
            "volume": []
          },
          "private": "eyJlMmJmYjczMC1lY2FhLTExZTYtOGY4OC0zNDM2M2JjN2M0YzAiOnsiY3JlYXRlIjoxODAwMDAwMDAwMDAwLCJkZWxldGUiOjE4MDAwMDAwMDAwMDAsInVwZGF0ZSI6MTgwMDAwMDAwMDAwMH19"
        }
      ]
    }
  ]
}
