{
  "version": 4,
  "terraform_version": "0.13.0",
  "serial": 34,
  "lineage": "8f9aa194-6300-2f5c-1931-154ede796742",
  "outputs": {},
  "resources": [
    {
      "mode": "managed",
      "type": "openstack_compute_floatingip_associate_v2",
      "name": "myip",
      "provider": "provider[\"registry.terraform.io/terraform-providers/openstack\"]",
      "instances": [
        {
          "schema_version": 0,
          "attributes": {
            "fixed_ip": "",
            "floating_ip": "192.168.122.126",
            "id": "192.168.122.126/6e8ca29c-e16e-4251-83bc-99ae6e3303d7/",
            "instance_id": "6e8ca29c-e16e-4251-83bc-99ae6e3303d7",
            "region": "RegionOne",
            "timeouts": null,
            "wait_until_associated": null
          },
          "private": "eyJlMmJmYjczMC1lY2FhLTExZTYtOGY4OC0zNDM2M2JjN2M0YzAiOnsiY3JlYXRlIjo2MDAwMDAwMDAwMDB9fQ==",
          "dependencies": [
            "openstack_compute_instance_v2.vm3",
            "openstack_networking_floatingip_v2.fip1"
          ]
        }
      ]
    },
    {
      "mode": "managed",
      "type": "openstack_compute_instance_v2",
      "name": "vm2",
      "provider": "provider[\"registry.terraform.io/terraform-providers/openstack\"]",
      "instances": [
        {
          "schema_version": 0,
          "attributes": {
            "access_ip_v4": "10.0.0.159",
            "access_ip_v6": "",
            "admin_pass": null,
            "all_metadata": {},
            "all_tags": [],
            "availability_zone": "nova",
            "availability_zone_hints": null,
            "block_device": [],
            "config_drive": null,
            "flavor_id": "45c9631e-3cf8-4fa3-b49a-cf600494f686",
            "flavor_name": "default",
            "floating_ip": null,
            "force_delete": false,
            "id": "5121a536-11fc-4cd9-ae20-b37c241057c9",
            "image_id": "92396f86-830f-454f-983e-331bee928745",
            "image_name": "cirros",
            "key_pair": "key1",
            "metadata": null,
            "name": "vm2",
            "network": [
              {
                "access_network": false,
                "fixed_ip_v4": "10.0.0.159",
                "fixed_ip_v6": "",
                "floating_ip": "",
                "mac": "fa:16:3e:43:63:ee",
                "name": "private",
                "port": "",
                "uuid": "6980b72a-0bcf-4f8c-8407-8ea7affc6e52"
              }
            ],
            "personality": [],
            "power_state": "active",
            "region": "RegionOne",
            "scheduler_hints": [],
            "security_groups": [
              "prod"
            ],
            "stop_before_destroy": false,
            "tags": [],
            "timeouts": null,
            "user_data": null,
            "vendor_options": [],
            "volume": []
          },
          "private": "eyJlMmJmYjczMC1lY2FhLTExZTYtOGY4OC0zNDM2M2JjN2M0YzAiOnsiY3JlYXRlIjoxODAwMDAwMDAwMDAwLCJkZWxldGUiOjE4MDAwMDAwMDAwMDAsInVwZGF0ZSI6MTgwMDAwMDAwMDAwMH19"
        }
      ]
    },
    {
      "mode": "managed",
      "type": "openstack_compute_instance_v2",
      "name": "vm3",
      "provider": "provider[\"registry.terraform.io/terraform-providers/openstack\"]",
      "instances": [
        {
          "schema_version": 0,
          "attributes": {
            "access_ip_v4": "10.0.0.150",
            "access_ip_v6": "",
            "admin_pass": null,
            "all_metadata": {},
            "all_tags": [],
            "availability_zone": "nova",
            "availability_zone_hints": null,
            "block_device": [],
            "config_drive": null,
            "flavor_id": "45c9631e-3cf8-4fa3-b49a-cf600494f686",
            "flavor_name": "default",
            "floating_ip": null,
            "force_delete": false,
            "id": "6e8ca29c-e16e-4251-83bc-99ae6e3303d7",
            "image_id": "bd8ce6cb-adfb-4a3d-b99c-c5ce7695dfdd",
            "image_name": "centos",
            "key_pair": "key1",
            "metadata": null,
            "name": "vm3",
            "network": [
              {
                "access_network": false,
                "fixed_ip_v4": "10.0.0.150",
                "fixed_ip_v6": "",
                "floating_ip": "",
                "mac": "fa:16:3e:89:c7:fb",
                "name": "private",
                "port": "",
                "uuid": "6980b72a-0bcf-4f8c-8407-8ea7affc6e52"
              }
            ],
            "personality": [],
            "power_state": "active",
            "region": "RegionOne",
            "scheduler_hints": [],
            "security_groups": [
              "prod"
            ],
            "stop_before_destroy": false,
            "tags": null,
            "timeouts": null,
            "user_data": null,
            "vendor_options": [],
            "volume": []
          },
          "private": "eyJlMmJmYjczMC1lY2FhLTExZTYtOGY4OC0zNDM2M2JjN2M0YzAiOnsiY3JlYXRlIjoxODAwMDAwMDAwMDAwLCJkZWxldGUiOjE4MDAwMDAwMDAwMDAsInVwZGF0ZSI6MTgwMDAwMDAwMDAwMH19",
          "dependencies": [
            "openstack_networking_floatingip_v2.fip1"
          ]
        }
      ]
    },
    {
      "mode": "managed",
      "type": "openstack_networking_floatingip_v2",
      "name": "fip1",
      "provider": "provider[\"registry.terraform.io/terraform-providers/openstack\"]",
      "instances": [
        {
          "schema_version": 0,
          "attributes": {
            "address": "192.168.122.126",
            "all_tags": [],
            "description": "",
            "dns_domain": "",
            "dns_name": "",
            "fixed_ip": "",
            "id": "5fd9c8da-8a27-4270-b871-18eaa8345f04",
            "pool": "public",
            "port_id": "",
            "region": "RegionOne",
            "subnet_id": null,
            "tags": null,
            "tenant_id": "87463276d4954d99a0c6948d0ab9f043",
            "timeouts": null,
            "value_specs": null
          },
          "private": "eyJlMmJmYjczMC1lY2FhLTExZTYtOGY4OC0zNDM2M2JjN2M0YzAiOnsiY3JlYXRlIjo2MDAwMDAwMDAwMDAsImRlbGV0ZSI6NjAwMDAwMDAwMDAwfX0="
        }
      ]
    }
  ]
}
