{
  "version": 4,
  "terraform_version": "0.13.0",
  "serial": 6,
  "lineage": "d9bb1650-81da-4b81-f42a-2b28198d97c9",
  "outputs": {},
  "resources": [
    {
      "mode": "managed",
      "type": "openstack_compute_floatingip_associate_v2",
      "name": "myip",
      "provider": "provider[\"registry.terraform.io/terraform-providers/openstack\"]",
      "instances": [
        {
          "schema_version": 0,
          "attributes": {
            "fixed_ip": "",
            "floating_ip": "192.168.122.162",
            "id": "192.168.122.162/04d4564a-d99e-46e8-beb7-4f7f50a6ad52/",
            "instance_id": "04d4564a-d99e-46e8-beb7-4f7f50a6ad52",
            "region": "RegionOne",
            "timeouts": null,
            "wait_until_associated": null
          },
          "private": "eyJlMmJmYjczMC1lY2FhLTExZTYtOGY4OC0zNDM2M2JjN2M0YzAiOnsiY3JlYXRlIjo2MDAwMDAwMDAwMDB9fQ==",
          "dependencies": [
            "openstack_compute_instance_v2.vm1",
            "openstack_networking_floatingip_v2.fip1"
          ]
        }
      ]
    },
    {
      "mode": "managed",
      "type": "openstack_compute_instance_v2",
      "name": "vm1",
      "provider": "provider[\"registry.terraform.io/terraform-providers/openstack\"]",
      "instances": [
        {
          "schema_version": 0,
          "attributes": {
            "access_ip_v4": "10.0.0.75",
            "access_ip_v6": "",
            "admin_pass": null,
            "all_metadata": {},
            "all_tags": [],
            "availability_zone": "nova",
            "availability_zone_hints": null,
            "block_device": [],
            "config_drive": null,
            "flavor_id": "45c9631e-3cf8-4fa3-b49a-cf600494f686",
            "flavor_name": "default",
            "floating_ip": null,
            "force_delete": false,
            "id": "04d4564a-d99e-46e8-beb7-4f7f50a6ad52",
            "image_id": "bd8ce6cb-adfb-4a3d-b99c-c5ce7695dfdd",
            "image_name": "centos",
            "key_pair": "key1",
            "metadata": null,
            "name": "vm1",
            "network": [
              {
                "access_network": false,
                "fixed_ip_v4": "10.0.0.75",
                "fixed_ip_v6": "",
                "floating_ip": "",
                "mac": "fa:16:3e:a2:02:fb",
                "name": "private",
                "port": "",
                "uuid": "6980b72a-0bcf-4f8c-8407-8ea7affc6e52"
              }
            ],
            "personality": [],
            "power_state": "active",
            "region": "RegionOne",
            "scheduler_hints": [],
            "security_groups": [
              "prod"
            ],
            "stop_before_destroy": false,
            "tags": [],
            "timeouts": null,
            "user_data": null,
            "vendor_options": [],
            "volume": []
          },
          "private": "eyJlMmJmYjczMC1lY2FhLTExZTYtOGY4OC0zNDM2M2JjN2M0YzAiOnsiY3JlYXRlIjoxODAwMDAwMDAwMDAwLCJkZWxldGUiOjE4MDAwMDAwMDAwMDAsInVwZGF0ZSI6MTgwMDAwMDAwMDAwMH19",
          "dependencies": [
            "openstack_networking_floatingip_v2.fip1"
          ]
        }
      ]
    },
    {
      "mode": "managed",
      "type": "openstack_networking_floatingip_v2",
      "name": "fip1",
      "provider": "provider[\"registry.terraform.io/terraform-providers/openstack\"]",
      "instances": [
        {
          "schema_version": 0,
          "attributes": {
            "address": "192.168.122.162",
            "all_tags": [],
            "description": "",
            "dns_domain": "",
            "dns_name": "",
            "fixed_ip": "10.0.0.75",
            "id": "ae462f72-995f-4d01-a893-ea750dd64987",
            "pool": "public",
            "port_id": "06018e98-eb46-4e09-b9c6-29871af6352b",
            "region": "RegionOne",
            "subnet_id": null,
            "tags": [],
            "tenant_id": "87463276d4954d99a0c6948d0ab9f043",
            "timeouts": null,
            "value_specs": null
          },
          "private": "eyJlMmJmYjczMC1lY2FhLTExZTYtOGY4OC0zNDM2M2JjN2M0YzAiOnsiY3JlYXRlIjo2MDAwMDAwMDAwMDAsImRlbGV0ZSI6NjAwMDAwMDAwMDAwfX0="
        }
      ]
    }
  ]
}
