{
  "version": 4,
  "terraform_version": "0.13.0",
  "serial": 13,
  "lineage": "272a4644-665d-1e2d-04d9-dd39ad49138f",
  "outputs": {},
  "resources": [
    {
      "mode": "managed",
      "type": "openstack_compute_instance_v2",
      "name": "vm1",
      "provider": "provider[\"registry.terraform.io/terraform-providers/openstack\"]",
      "instances": [
        {
          "schema_version": 0,
          "attributes": {
            "access_ip_v4": "10.0.0.134",
            "access_ip_v6": "",
            "admin_pass": null,
            "all_metadata": {},
            "all_tags": [],
            "availability_zone": "nova",
            "availability_zone_hints": null,
            "block_device": [],
            "config_drive": null,
            "flavor_id": "45c9631e-3cf8-4fa3-b49a-cf600494f686",
            "flavor_name": "default",
            "floating_ip": null,
            "force_delete": false,
            "id": "644c5f65-2168-47c7-9198-d77079790fed",
            "image_id": "bd8ce6cb-adfb-4a3d-b99c-c5ce7695dfdd",
            "image_name": "centos",
            "key_pair": "key1",
            "metadata": null,
            "name": "vm_with_terraform1",
            "network": [
              {
                "access_network": false,
                "fixed_ip_v4": "10.0.0.134",
                "fixed_ip_v6": "",
                "floating_ip": "",
                "mac": "fa:16:3e:03:33:22",
                "name": "private",
                "port": "",
                "uuid": "6980b72a-0bcf-4f8c-8407-8ea7affc6e52"
              }
            ],
            "personality": [],
            "power_state": "active",
            "region": "RegionOne",
            "scheduler_hints": [],
            "security_groups": [
              "prod"
            ],
            "stop_before_destroy": false,
            "tags": null,
            "timeouts": null,
            "user_data": null,
            "vendor_options": [],
            "volume": []
          },
          "private": "eyJlMmJmYjczMC1lY2FhLTExZTYtOGY4OC0zNDM2M2JjN2M0YzAiOnsiY3JlYXRlIjoxODAwMDAwMDAwMDAwLCJkZWxldGUiOjE4MDAwMDAwMDAwMDAsInVwZGF0ZSI6MTgwMDAwMDAwMDAwMH19"
        }
      ]
    }
  ]
}
